
Microsoft Visual Studio Solution File, Format Version 12.00
Project("{2150E333-8FDC-42A3-9474-1A3956D46DE8}") = "src", "src", "{083C60F9-DDA6-4787-8EEB-1A9EC7A2670B}"
EndProject
Project("{FAE04EC0-301F-11D3-BF4B-00C04F79EFBC}") = "Domain", "Domain\Domain.csproj", "{D14C5E94-BB12-4DBA-B187-B293BC8C0B72}"
EndProject
Project("{FAE04EC0-301F-11D3-BF4B-00C04F79EFBC}") = "Application", "Application\Application.csproj", "{EFD1F997-0B6F-47AF-AD36-EAEDED9BAC42}"
EndProject
Project("{FAE04EC0-301F-11D3-BF4B-00C04F79EFBC}") = "Infrastructure", "Infrastructure\Infrastructure.csproj", "{06368794-14DD-48AA-86CD-EB0FB604BBF4}"
EndProject
Project("{FAE04EC0-301F-11D3-BF4B-00C04F79EFBC}") = "Presentation", "Presentation\Presentation.csproj", "{17A8C39B-92AA-4C68-997B-1EAF473E57DE}"
EndProject
Project("{FAE04EC0-301F-11D3-BF4B-00C04F79EFBC}") = "WebApi", "WebApi\WebApi.csproj", "{19A7B9C7-C55B-4D1C-9017-5788E70F69D8}"
EndProject
Project("{2150E333-8FDC-42A3-9474-1A3956D46DE8}") = "tests", "tests", "{911B34D8-13EE-4EC0-8500-9FD99DB777A7}"
EndProject
Project("{FAE04EC0-301F-11D3-BF4B-00C04F79EFBC}") = "Persistence", "Persistence\Persistence.csproj", "{94AE8C99-3F5B-40D3-A36A-6B7B8F78EBD3}"
EndProject
Project("{FAE04EC0-301F-11D3-BF4B-00C04F79EFBC}") = "Jobs", "Jobs\Jobs.csproj", "{1C254670-4C6E-4BE6-9E2F-1D00F7C759D1}"
EndProject
Project("{FAE04EC0-301F-11D3-BF4B-00C04F79EFBC}") = "ExternalServices", "ExternalServices\ExternalServices.csproj", "{25C704F9-C930-4959-8F1B-2D9EEDD9DCFD}"
EndProject
Project("{2150E333-8FDC-42A3-9474-1A3956D46DE8}") = "ServiceBus", "ServiceBus", "{36DF52F2-17B5-494A-998B-6663826B5487}"
EndProject
Project("{FAE04EC0-301F-11D3-BF4B-00C04F79EFBC}") = "ServiceBus.Producer", "ServiceBus.Producer\ServiceBus.Producer.csproj", "{C19BB679-091D-437F-8A21-37C44266183C}"
EndProject
Project("{FAE04EC0-301F-11D3-BF4B-00C04F79EFBC}") = "ServiceBus.Consumer", "ServiceBus.Consumer\ServiceBus.Consumer.csproj", "{74B08D67-32BF-4A1D-BA8D-7CE4379E6206}"
EndProject
Global
	GlobalSection(SolutionConfigurationPlatforms) = preSolution
		Debug|Any CPU = Debug|Any CPU
		Release|Any CPU = Release|Any CPU
	EndGlobalSection
	GlobalSection(NestedProjects) = preSolution
		{D14C5E94-BB12-4DBA-B187-B293BC8C0B72} = {083C60F9-DDA6-4787-8EEB-1A9EC7A2670B}
		{EFD1F997-0B6F-47AF-AD36-EAEDED9BAC42} = {083C60F9-DDA6-4787-8EEB-1A9EC7A2670B}
		{06368794-14DD-48AA-86CD-EB0FB604BBF4} = {083C60F9-DDA6-4787-8EEB-1A9EC7A2670B}
		{17A8C39B-92AA-4C68-997B-1EAF473E57DE} = {083C60F9-DDA6-4787-8EEB-1A9EC7A2670B}
		{19A7B9C7-C55B-4D1C-9017-5788E70F69D8} = {083C60F9-DDA6-4787-8EEB-1A9EC7A2670B}
		{94AE8C99-3F5B-40D3-A36A-6B7B8F78EBD3} = {083C60F9-DDA6-4787-8EEB-1A9EC7A2670B}
		{1C254670-4C6E-4BE6-9E2F-1D00F7C759D1} = {083C60F9-DDA6-4787-8EEB-1A9EC7A2670B}
		{25C704F9-C930-4959-8F1B-2D9EEDD9DCFD} = {083C60F9-DDA6-4787-8EEB-1A9EC7A2670B}
		{36DF52F2-17B5-494A-998B-6663826B5487} = {083C60F9-DDA6-4787-8EEB-1A9EC7A2670B}
		{C19BB679-091D-437F-8A21-37C44266183C} = {36DF52F2-17B5-494A-998B-6663826B5487}
		{74B08D67-32BF-4A1D-BA8D-7CE4379E6206} = {36DF52F2-17B5-494A-998B-6663826B5487}
	EndGlobalSection
	GlobalSection(ProjectConfigurationPlatforms) = postSolution
		{D14C5E94-BB12-4DBA-B187-B293BC8C0B72}.Debug|Any CPU.ActiveCfg = Debug|Any CPU
		{D14C5E94-BB12-4DBA-B187-B293BC8C0B72}.Debug|Any CPU.Build.0 = Debug|Any CPU
		{D14C5E94-BB12-4DBA-B187-B293BC8C0B72}.Release|Any CPU.ActiveCfg = Release|Any CPU
		{D14C5E94-BB12-4DBA-B187-B293BC8C0B72}.Release|Any CPU.Build.0 = Release|Any CPU
		{EFD1F997-0B6F-47AF-AD36-EAEDED9BAC42}.Debug|Any CPU.ActiveCfg = Debug|Any CPU
		{EFD1F997-0B6F-47AF-AD36-EAEDED9BAC42}.Debug|Any CPU.Build.0 = Debug|Any CPU
		{EFD1F997-0B6F-47AF-AD36-EAEDED9BAC42}.Release|Any CPU.ActiveCfg = Release|Any CPU
		{EFD1F997-0B6F-47AF-AD36-EAEDED9BAC42}.Release|Any CPU.Build.0 = Release|Any CPU
		{06368794-14DD-48AA-86CD-EB0FB604BBF4}.Debug|Any CPU.ActiveCfg = Debug|Any CPU
		{06368794-14DD-48AA-86CD-EB0FB604BBF4}.Debug|Any CPU.Build.0 = Debug|Any CPU
		{06368794-14DD-48AA-86CD-EB0FB604BBF4}.Release|Any CPU.ActiveCfg = Release|Any CPU
		{06368794-14DD-48AA-86CD-EB0FB604BBF4}.Release|Any CPU.Build.0 = Release|Any CPU
		{17A8C39B-92AA-4C68-997B-1EAF473E57DE}.Debug|Any CPU.ActiveCfg = Debug|Any CPU
		{17A8C39B-92AA-4C68-997B-1EAF473E57DE}.Debug|Any CPU.Build.0 = Debug|Any CPU
		{17A8C39B-92AA-4C68-997B-1EAF473E57DE}.Release|Any CPU.ActiveCfg = Release|Any CPU
		{17A8C39B-92AA-4C68-997B-1EAF473E57DE}.Release|Any CPU.Build.0 = Release|Any CPU
		{19A7B9C7-C55B-4D1C-9017-5788E70F69D8}.Debug|Any CPU.ActiveCfg = Debug|Any CPU
		{19A7B9C7-C55B-4D1C-9017-5788E70F69D8}.Debug|Any CPU.Build.0 = Debug|Any CPU
		{19A7B9C7-C55B-4D1C-9017-5788E70F69D8}.Release|Any CPU.ActiveCfg = Release|Any CPU
		{19A7B9C7-C55B-4D1C-9017-5788E70F69D8}.Release|Any CPU.Build.0 = Release|Any CPU
		{94AE8C99-3F5B-40D3-A36A-6B7B8F78EBD3}.Debug|Any CPU.ActiveCfg = Debug|Any CPU
		{94AE8C99-3F5B-40D3-A36A-6B7B8F78EBD3}.Debug|Any CPU.Build.0 = Debug|Any CPU
		{94AE8C99-3F5B-40D3-A36A-6B7B8F78EBD3}.Release|Any CPU.ActiveCfg = Release|Any CPU
		{94AE8C99-3F5B-40D3-A36A-6B7B8F78EBD3}.Release|Any CPU.Build.0 = Release|Any CPU
		{1C254670-4C6E-4BE6-9E2F-1D00F7C759D1}.Debug|Any CPU.ActiveCfg = Debug|Any CPU
		{1C254670-4C6E-4BE6-9E2F-1D00F7C759D1}.Debug|Any CPU.Build.0 = Debug|Any CPU
		{1C254670-4C6E-4BE6-9E2F-1D00F7C759D1}.Release|Any CPU.ActiveCfg = Release|Any CPU
		{1C254670-4C6E-4BE6-9E2F-1D00F7C759D1}.Release|Any CPU.Build.0 = Release|Any CPU
		{25C704F9-C930-4959-8F1B-2D9EEDD9DCFD}.Debug|Any CPU.ActiveCfg = Debug|Any CPU
		{25C704F9-C930-4959-8F1B-2D9EEDD9DCFD}.Debug|Any CPU.Build.0 = Debug|Any CPU
		{25C704F9-C930-4959-8F1B-2D9EEDD9DCFD}.Release|Any CPU.ActiveCfg = Release|Any CPU
		{25C704F9-C930-4959-8F1B-2D9EEDD9DCFD}.Release|Any CPU.Build.0 = Release|Any CPU
		{C19BB679-091D-437F-8A21-37C44266183C}.Debug|Any CPU.ActiveCfg = Debug|Any CPU
		{C19BB679-091D-437F-8A21-37C44266183C}.Debug|Any CPU.Build.0 = Debug|Any CPU
		{C19BB679-091D-437F-8A21-37C44266183C}.Release|Any CPU.ActiveCfg = Release|Any CPU
		{C19BB679-091D-437F-8A21-37C44266183C}.Release|Any CPU.Build.0 = Release|Any CPU
		{74B08D67-32BF-4A1D-BA8D-7CE4379E6206}.Debug|Any CPU.ActiveCfg = Debug|Any CPU
		{74B08D67-32BF-4A1D-BA8D-7CE4379E6206}.Debug|Any CPU.Build.0 = Debug|Any CPU
		{74B08D67-32BF-4A1D-BA8D-7CE4379E6206}.Release|Any CPU.ActiveCfg = Release|Any CPU
		{74B08D67-32BF-4A1D-BA8D-7CE4379E6206}.Release|Any CPU.Build.0 = Release|Any CPU
	EndGlobalSection
EndGlobal
